<?xml version="1.0" encoding="utf-8"?>
<Project xmlns="http://schemas.microsoft.com/developer/msbuild/2003">
  <ItemGroup>
    <Filter Include="Form Files">
      <UniqueIdentifier>{99349809-55BA-4b9d-BF79-8FDBB0286EB3}</UniqueIdentifier>
      <Extensions>ui</Extensions>
      <ParseFiles>false</ParseFiles>
    </Filter>
    <Filter Include="Form Files">
      <UniqueIdentifier>{99349809-55BA-4b9d-BF79-8FDBB0286EB3}</UniqueIdentifier>
      <Extensions>ui</Extensions>
      <ParseFiles>false</ParseFiles>
    </Filter>
    <Filter Include="Generated Files">
      <UniqueIdentifier>{71ED8ED8-ACB9-4CE9-BBE1-E00B30144E11}</UniqueIdentifier>
      <Extensions>cpp;c;cxx;moc;h;def;odl;idl;res;</Extensions>
    </Filter>
    <Filter Include="Generated Files">
      <UniqueIdentifier>{71ED8ED8-ACB9-4CE9-BBE1-E00B30144E11}</UniqueIdentifier>
      <Extensions>cpp;c;cxx;moc;h;def;odl;idl;res;</Extensions>
    </Filter>
    <Filter Include="Header Files">
      <UniqueIdentifier>{93995380-89BD-4b04-88EB-625FBE52EBFB}</UniqueIdentifier>
      <Extensions>h;hpp;hxx;hm;inl;inc;xsd</Extensions>
    </Filter>
    <Filter Include="Header Files">
      <UniqueIdentifier>{93995380-89BD-4b04-88EB-625FBE52EBFB}</UniqueIdentifier>
      <Extensions>h;hpp;hxx;hm;inl;inc;xsd</Extensions>
    </Filter>
    <Filter Include="Resource Files">
      <UniqueIdentifier>{D9D6E242-F8AF-46E4-B9FD-80ECBC20BA3E}</UniqueIdentifier>
      <Extensions>qrc;*</Extensions>
      <ParseFiles>false</ParseFiles>
    </Filter>
    <Filter Include="Resource Files">
      <UniqueIdentifier>{D9D6E242-F8AF-46E4-B9FD-80ECBC20BA3E}</UniqueIdentifier>
      <Extensions>qrc;*</Extensions>
      <ParseFiles>false</ParseFiles>
    </Filter>
    <Filter Include="Source Files">
      <UniqueIdentifier>{4FC737F1-C7A5-4376-A066-2A32D752A2FF}</UniqueIdentifier>
      <Extensions>cpp;c;cxx;def;odl;idl;hpj;bat;asm;asmx</Extensions>
    </Filter>
    <Filter Include="Source Files">
      <UniqueIdentifier>{4FC737F1-C7A5-4376-A066-2A32D752A2FF}</UniqueIdentifier>
      <Extensions>cpp;c;cxx;def;odl;idl;hpj;bat;asm;asmx</Extensions>
    </Filter>
  </ItemGroup>
  <ItemGroup>
    <ClCompile Include="main.cpp">
      <Filter>Source Files</Filter>
    </ClCompile>
    <ClCompile Include="mainwindow.cpp">
      <Filter>Source Files</Filter>
    </ClCompile>
    <ClCompile Include="motiondetection.cpp">
      <Filter>Source Files</Filter>
    </ClCompile>
    <ClCompile Include="motiondetectiondialog.cpp">
      <Filter>Source Files</Filter>
    </ClCompile>
    <ClCompile Include="namesfiledialog.cpp">
      <Filter>Source Files</Filter>
    </ClCompile>
    <ClCompile Include="weightsfiledialog.cpp">
      <Filter>Source Files</Filter>
    </ClCompile>
    <ClCompile Include="configfiledialog.cpp">
      <Filter>Source Files</Filter>
    </ClCompile>
    <ClCompile Include="motiondetectionthread.cpp">
      <Filter>Source Files</Filter>
    </ClCompile>
    <ClCompile Include="motiondetectionload.cpp">
      <Filter>Source Files</Filter>
    </ClCompile>
    <ClCompile Include="catalogdialog.cpp">
      <Filter>Source Files</Filter>
    </ClCompile>
    <ClCompile Include="addpersondialog.cpp">
      <Filter>Source Files</Filter>
    </ClCompile>
    <ClCompile Include="saveconfigdialog.cpp">
      <Filter>Source Files</Filter>
    </ClCompile>
    <ClCompile Include="greeklettervalidator.cpp">
      <Filter>Source Files</Filter>
    </ClCompile>
    <ClCompile Include="latinlettervalidator.cpp">
      <Filter>Source Files</Filter>
    </ClCompile>
    <ClCompile Include="catalogservice.cpp">
      <Filter>Source Files</Filter>
    </ClCompile>
    <ClCompile Include="datasetdialog.cpp">
      <Filter>Source Files</Filter>
    </ClCompile>
    <ClCompile Include="caffeconfigdialog.cpp">
      <Filter>Source Files</Filter>
    </ClCompile>
    <ClCompile Include="facedetectiondialog.cpp">
      <Filter>Source Files</Filter>
    </ClCompile>
    <ClCompile Include="facedetection.cpp">
      <Filter>Source Files</Filter>
    </ClCompile>
    <ClCompile Include="facedetectionthread.cpp">
      <Filter>Source Files</Filter>
    </ClCompile>
    <ClCompile Include="facerecognitiondialog.cpp">
      <Filter>Source Files</Filter>
    </ClCompile>
    <ClCompile Include="recognitionconfigdialog.cpp">
      <Filter>Source Files</Filter>
    </ClCompile>
    <ClCompile Include="facerecognition.cpp">
      <Filter>Source Files</Filter>
    </ClCompile>
    <ClCompile Include="imagedisplaydialog.cpp">
      <Filter>Source Files</Filter>
    </ClCompile>
    <ClCompile Include="facerecognitionthread.cpp">
      <Filter>Source Files</Filter>
    </ClCompile>
  </ItemGroup>
  <ItemGroup>
    <QtMoc Include="mainwindow.h">
      <Filter>Header Files</Filter>
    </QtMoc>
    <QtMoc Include="motiondetection.h">
      <Filter>Header Files</Filter>
    </QtMoc>
    <QtMoc Include="motiondetectiondialog.h">
      <Filter>Header Files</Filter>
    </QtMoc>
    <QtMoc Include="namesfiledialog.h">
      <Filter>Header Files</Filter>
    </QtMoc>
    <QtMoc Include="weightsfiledialog.h">
      <Filter>Header Files</Filter>
    </QtMoc>
    <QtMoc Include="configfiledialog.h">
      <Filter>Header Files</Filter>
    </QtMoc>
    <QtMoc Include="motiondetectionload.h">
      <Filter>Header Files</Filter>
    </QtMoc>
    <QtMoc Include="motiondetectionthread.h">
      <Filter>Header Files</Filter>
    </QtMoc>
    <QtMoc Include="catalogdialog.h">
      <Filter>Header Files</Filter>
    </QtMoc>
    <QtMoc Include="addpersondialog.h">
      <Filter>Header Files</Filter>
    </QtMoc>
    <QtMoc Include="saveconfigdialog.h">
      <Filter>Header Files</Filter>
    </QtMoc>
    <QtMoc Include="catalogservice.h">
      <Filter>Header Files</Filter>
    </QtMoc>
    <QtMoc Include="datasetdialog.h">
      <Filter>Header Files</Filter>
    </QtMoc>
    <QtMoc Include="caffeconfigdialog.h">
      <Filter>Header Files</Filter>
    </QtMoc>
    <QtMoc Include="facedetectiondialog.h">
      <Filter>Header Files</Filter>
    </QtMoc>
    <QtMoc Include="facedetection.h">
      <Filter>Header Files</Filter>
    </QtMoc>
    <QtMoc Include="facedetectionthread.h">
      <Filter>Header Files</Filter>
    </QtMoc>
    <QtMoc Include="facerecognitiondialog.h">
      <Filter>Header Files</Filter>
    </QtMoc>
    <QtMoc Include="recognitionconfigdialog.h">
      <Filter>Header Files</Filter>
    </QtMoc>
    <QtMoc Include="facerecognition.h">
      <Filter>Header Files</Filter>
    </QtMoc>
    <QtMoc Include="imagedisplaydialog.h">
      <Filter>Header Files</Filter>
    </QtMoc>
    <QtMoc Include="facerecognitionthread.h">
      <Filter>Header Files</Filter>
    </QtMoc>
  </ItemGroup>
  <ItemGroup>
    <CustomBuild Include="debug\moc_predefs.h.cbt">
      <Filter>Generated Files</Filter>
    </CustomBuild>
    <CustomBuild Include="release\moc_predefs.h.cbt">
      <Filter>Generated Files</Filter>
    </CustomBuild>
  </ItemGroup>
  <ItemGroup>
    <QtUic Include="mainwindow.ui">
      <Filter>Form Files</Filter>
    </QtUic>
    <QtUic Include="namesfiledialog.ui">
      <Filter>Form Files</Filter>
    </QtUic>
    <QtUic Include="weightsfiledialog.ui">
      <Filter>Form Files</Filter>
    </QtUic>
    <QtUic Include="configfiledialog.ui">
      <Filter>Form Files</Filter>
    </QtUic>
    <QtUic Include="motiondetectionload.ui">
      <Filter>Form Files</Filter>
    </QtUic>
    <QtUic Include="catalogdialog.ui">
      <Filter>Form Files</Filter>
    </QtUic>
    <QtUic Include="addpersondialog.ui">
      <Filter>Form Files</Filter>
    </QtUic>
    <QtUic Include="saveconfigdialog.ui">
      <Filter>Form Files</Filter>
    </QtUic>
    <QtUic Include="datasetdialog.ui">
      <Filter>Form Files</Filter>
    </QtUic>
    <QtUic Include="caffeconfigdialog.ui">
      <Filter>Form Files</Filter>
    </QtUic>
    <QtUic Include="facedetectiondialog.ui">
      <Filter>Form Files</Filter>
    </QtUic>
    <QtUic Include="facerecognitiondialog.ui">
      <Filter>Form Files</Filter>
    </QtUic>
    <QtUic Include="recognitionconfigdialog.ui">
      <Filter>Form Files</Filter>
    </QtUic>
  </ItemGroup>
  <ItemGroup>
    <QtRcc Include="resources.qrc">
      <Filter>Resource Files</Filter>
    </QtRcc>
  </ItemGroup>
  <ItemGroup>
    <ClInclude Include="ui_mainwindow.h">
      <Filter>Header Files</Filter>
    </ClInclude>
    <ClInclude Include="ui_namesfiledialog.h">
      <Filter>Header Files</Filter>
    </ClInclude>
    <ClInclude Include="ui_weightsfiledialog.h">
      <Filter>Header Files</Filter>
    </ClInclude>
    <ClInclude Include="ui_configfiledialog.h">
      <Filter>Header Files</Filter>
    </ClInclude>
    <ClInclude Include="ui_motiondetectionload.h">
      <Filter>Header Files</Filter>
    </ClInclude>
    <ClInclude Include="ui_catalogdialog.h">
      <Filter>Header Files</Filter>
    </ClInclude>
    <ClInclude Include="ui_addpersondialog.h">
      <Filter>Header Files</Filter>
    </ClInclude>
    <ClInclude Include="ui_saveconfigdialog.h">
      <Filter>Header Files</Filter>
    </ClInclude>
    <ClInclude Include="greeklettervalidator.h">
      <Filter>Header Files</Filter>
    </ClInclude>
    <ClInclude Include="latinlettervalidator.h">
      <Filter>Header Files</Filter>
    </ClInclude>
    <ClInclude Include="ui_datasetdialog.h">
      <Filter>Header Files</Filter>
    </ClInclude>
    <ClInclude Include="ui_facedetectiondialog.h">
      <Filter>Header Files</Filter>
    </ClInclude>
    <ClInclude Include="ui_caffeconfigdialog.h">
      <Filter>Header Files</Filter>
    </ClInclude>
    <ClInclude Include="ui_facerecognitiondialog.h">
      <Filter>Header Files</Filter>
    </ClInclude>
    <ClInclude Include="ui_facerecognitionconfigdialog.h">
      <Filter>Header Files</Filter>
    </ClInclude>
  </ItemGroup>
</Project>